
Microsoft Visual Studio Solution File, Format Version 12.00
Project("{FAE04EC0-301F-11D3-BF4B-00C04F79EFBC}") = "Rabbitania_backend", "Rabbitania_backend\Rabbitania_backend.csproj", "{33508C77-7274-4D0C-B806-13DA45571323}"
EndProject
Global
	GlobalSection(SolutionConfigurationPlatforms) = preSolution
		Debug|Any CPU = Debug|Any CPU
		Release|Any CPU = Release|Any CPU
	EndGlobalSection
	GlobalSection(ProjectConfigurationPlatforms) = postSolution
		{33508C77-7274-4D0C-B806-13DA45571323}.Debug|Any CPU.ActiveCfg = Debug|Any CPU
		{33508C77-7274-4D0C-B806-13DA45571323}.Debug|Any CPU.Build.0 = Debug|Any CPU
		{33508C77-7274-4D0C-B806-13DA45571323}.Release|Any CPU.ActiveCfg = Release|Any CPU
		{33508C77-7274-4D0C-B806-13DA45571323}.Release|Any CPU.Build.0 = Release|Any CPU
	EndGlobalSection
EndGlobal
