
Microsoft Visual Studio Solution File, Format Version 12.00
Project("{FAE04EC0-301F-11D3-BF4B-00C04F79EFBC}") = "Rabittania_backend", "Rabittania_backend\Rabittania_backend.csproj", "{766EB9FA-E217-4203-B18A-9FE054A22431}"
EndProject
Global
	GlobalSection(SolutionConfigurationPlatforms) = preSolution
		Debug|Any CPU = Debug|Any CPU
		Release|Any CPU = Release|Any CPU
	EndGlobalSection
	GlobalSection(ProjectConfigurationPlatforms) = postSolution
		{766EB9FA-E217-4203-B18A-9FE054A22431}.Debug|Any CPU.ActiveCfg = Debug|Any CPU
		{766EB9FA-E217-4203-B18A-9FE054A22431}.Debug|Any CPU.Build.0 = Debug|Any CPU
		{766EB9FA-E217-4203-B18A-9FE054A22431}.Release|Any CPU.ActiveCfg = Release|Any CPU
		{766EB9FA-E217-4203-B18A-9FE054A22431}.Release|Any CPU.Build.0 = Release|Any CPU
	EndGlobalSection
EndGlobal
